<?xml version="1.0" encoding="utf-8"?>
<Project ToolsVersion="4.0" xmlns="http://schemas.microsoft.com/developer/msbuild/2003">
  <ItemGroup>
    <ClCompile Include="src\cards\Gun.cpp" />
    <ClCompile Include="src\cards\LaserShades.cpp" />
    <ClCompile Include="src\cards\Sword.cpp" />
    <ClCompile Include="src\components\CardComponent.cpp" />
    <ClCompile Include="src\components\ButtonComponent.cpp" />
    <ClCompile Include="src\components\Image.cpp" />
    <ClCompile Include="src\components\PlayerMovementComponent.cpp" />
    <ClCompile Include="src\components\Transform.cpp" />
    <ClCompile Include="src\core\Card.cpp" />
    <ClCompile Include="src\core\GameStateMachine.cpp" />
    <ClCompile Include="src\core\Manager.cpp" />
    <ClCompile Include="src\core\SDLApplication.cpp" />
    <ClCompile Include="src\core\Vector2D.cpp" />
    <ClCompile Include="src\Game.cpp" />
    <ClCompile Include="src\gameObjects\UI\Button.cpp" />
    <ClCompile Include="src\managers\MainMenuManager.cpp" />
    <ClCompile Include="src\scenes\AlbumScene.cpp" />
    <ClCompile Include="src\scenes\BattleScene.cpp" />
    <ClCompile Include="src\scenes\ChestScene.cpp" />
    <ClCompile Include="src\scenes\GameState.cpp" />
    <ClCompile Include="src\scenes\InventoryScene.cpp" />
    <ClCompile Include="src\scenes\MainMenuScene.cpp" />
    <ClCompile Include="src\scenes\MapScene.cpp" />
    <ClCompile Include="src\scenes\OptionsMenuScene.cpp" />
    <ClCompile Include="src\scenes\PauseMenuScene.cpp" />
    <ClCompile Include="src\scenes\ShopScene.cpp" />
    <ClCompile Include="src\sdlutils\Texture.cpp" />
    <ClCompile Include="src\components\CameraComponent.cpp" />
    <ClCompile Include="src\gameObjects\Camera.cpp" />
    <ClCompile Include="src\gameObjects\Player.cpp" />
    <ClCompile Include="src\core\PlayerData.cpp" />
    <ClCompile Include="src\components\Animator.cpp" />
  </ItemGroup>
  <ItemGroup>
    <ClInclude Include="PlayerMovementComponent.h" />
    <ClInclude Include="src\cards\Cards.h" />
    <ClInclude Include="src\components\CardComponent.h" />
    <ClInclude Include="src\components\ButtonComponent.h" />
    <ClInclude Include="src\components\Component.h" />
    <ClInclude Include="src\components\ecs.h" />
    <ClInclude Include="src\components\Image.h" />
    <ClInclude Include="src\components\Transform.h" />
    <ClInclude Include="src\core\Card.h" />
    <ClInclude Include="src\core\GameObject.h" />
    <ClInclude Include="src\core\GameStateMachine.h" />
    <ClInclude Include="src\core\Manager.h" />
    <ClInclude Include="src\core\SDLApplication.h" />
    <ClInclude Include="src\core\Vector2D.h" />
    <ClInclude Include="src\data\constants.h" />
    <ClInclude Include="src\framework.h" />
    <ClInclude Include="src\gameObjects\UI\Button.h" />
    <ClInclude Include="src\managers\MainMenuManager.h" />
    <ClInclude Include="src\Resource.h" />
    <ClInclude Include="src\scenes\AlbumScene.h" />
    <ClInclude Include="src\scenes\BattleScene.h" />
    <ClInclude Include="src\scenes\ChestScene.h" />
    <ClInclude Include="src\scenes\GameState.h" />
    <ClInclude Include="src\scenes\InventoryScene.h" />
    <ClInclude Include="src\scenes\MainMenuScene.h" />
    <ClInclude Include="src\scenes\MapScene.h" />
    <ClInclude Include="src\scenes\OptionsMenuScene.h" />
    <ClInclude Include="src\scenes\PauseMenuScene.h" />
    <ClInclude Include="src\scenes\ShopScene.h" />
    <ClInclude Include="src\sdlutils\InputHandler.h" />
    <ClInclude Include="src\sdlutils\Texture.h" />
    <ClInclude Include="src\targetver.h" />
    <ClInclude Include="src\utils\Singleton.h" />
    <ClInclude Include="src\components\CameraComponent.h" />
    <ClInclude Include="src\gameObjects\Camera.h" />
    <ClInclude Include="src\gameObjects\Player.h" />
    <ClInclude Include="src\core\PlayerData.h" />
    <ClInclude Include="src\components\ColliderComponent.h" />
    <ClInclude Include="src\components\BulletBehavior.h" />
    <ClInclude Include="src\gameObjects\Bullet.h" />
    <ClInclude Include="src\components\Animator.h" />
  </ItemGroup>
  <ItemGroup>
    <ResourceCompile Include="Game.rc" />
  </ItemGroup>
  <ItemGroup>
    <Image Include="Game.ico" />
    <Image Include="small.ico" />
  </ItemGroup>
</Project>